// !$*UTF8*$!
{
	archiveVersion = 1;
	classes = {
	};
	objectVersion = 50;
	objects = {

/* Begin PBXBuildFile section */
		C93D8EC225056D4600729703 /* ColorViewController.swift in Sources */ = {isa = PBXBuildFile; fileRef = C93D8EC125056D4600729703 /* ColorViewController.swift */; };
		C9A024E524F3760300EBAAFE /* AppDelegate.swift in Sources */ = {isa = PBXBuildFile; fileRef = C9A024E424F3760300EBAAFE /* AppDelegate.swift */; };
		C9A024E724F3760300EBAAFE /* SceneDelegate.swift in Sources */ = {isa = PBXBuildFile; fileRef = C9A024E624F3760300EBAAFE /* SceneDelegate.swift */; };
		C9A024E924F3760300EBAAFE /* SetupViewController.swift in Sources */ = {isa = PBXBuildFile; fileRef = C9A024E824F3760300EBAAFE /* SetupViewController.swift */; };
		C9A024EC24F3760300EBAAFE /* Main.storyboard in Resources */ = {isa = PBXBuildFile; fileRef = C9A024EA24F3760300EBAAFE /* Main.storyboard */; };
		C9A024EE24F3760500EBAAFE /* Assets.xcassets in Resources */ = {isa = PBXBuildFile; fileRef = C9A024ED24F3760500EBAAFE /* Assets.xcassets */; };
		C9A024F124F3760500EBAAFE /* LaunchScreen.storyboard in Resources */ = {isa = PBXBuildFile; fileRef = C9A024EF24F3760500EBAAFE /* LaunchScreen.storyboard */; };
/* End PBXBuildFile section */

/* Begin PBXFileReference section */
		C93D8EC125056D4600729703 /* ColorViewController.swift */ = {isa = PBXFileReference; lastKnownFileType = sourcecode.swift; path = ColorViewController.swift; sourceTree = "<group>"; };
		C9A024E124F3760300EBAAFE /* HW2.6.app */ = {isa = PBXFileReference; explicitFileType = wrapper.application; includeInIndex = 0; path = HW2.6.app; sourceTree = BUILT_PRODUCTS_DIR; };
		C9A024E424F3760300EBAAFE /* AppDelegate.swift */ = {isa = PBXFileReference; lastKnownFileType = sourcecode.swift; path = AppDelegate.swift; sourceTree = "<group>"; };
		C9A024E624F3760300EBAAFE /* SceneDelegate.swift */ = {isa = PBXFileReference; lastKnownFileType = sourcecode.swift; path = SceneDelegate.swift; sourceTree = "<group>"; };
		C9A024E824F3760300EBAAFE /* SetupViewController.swift */ = {isa = PBXFileReference; lastKnownFileType = sourcecode.swift; path = SetupViewController.swift; sourceTree = "<group>"; };
		C9A024EB24F3760300EBAAFE /* Base */ = {isa = PBXFileReference; lastKnownFileType = file.storyboard; name = Base; path = Base.lproj/Main.storyboard; sourceTree = "<group>"; };
		C9A024ED24F3760500EBAAFE /* Assets.xcassets */ = {isa = PBXFileReference; lastKnownFileType = folder.assetcatalog; path = Assets.xcassets; sourceTree = "<group>"; };
		C9A024F024F3760500EBAAFE /* Base */ = {isa = PBXFileReference; lastKnownFileType = file.storyboard; name = Base; path = Base.lproj/LaunchScreen.storyboard; sourceTree = "<group>"; };
		C9A024F224F3760500EBAAFE /* Info.plist */ = {isa = PBXFileReference; lastKnownFileType = text.plist.xml; path = Info.plist; sourceTree = "<group>"; };
/* End PBXFileReference section */

/* Begin PBXFrameworksBuildPhase section */
		C9A024DE24F3760300EBAAFE /* Frameworks */ = {
			isa = PBXFrameworksBuildPhase;
			buildActionMask = 2147483647;
			files = (
			);
			runOnlyForDeploymentPostprocessing = 0;
		};
/* End PBXFrameworksBuildPhase section */

/* Begin PBXGroup section */
		C93D8EBE2505698E00729703 /* Storyboards */ = {
			isa = PBXGroup;
			children = (
				C9A024EA24F3760300EBAAFE /* Main.storyboard */,
				C9A024EF24F3760500EBAAFE /* LaunchScreen.storyboard */,
			);
			path = Storyboards;
			sourceTree = "<group>";
		};
		C93D8EBF2505699C00729703 /* Viewcontrollers */ = {
			isa = PBXGroup;
			children = (
				C9A024E824F3760300EBAAFE /* SetupViewController.swift */,
				C93D8EC125056D4600729703 /* ColorViewController.swift */,
			);
			path = Viewcontrollers;
			sourceTree = "<group>";
		};
		C93D8EC0250569B200729703 /* Other */ = {
			isa = PBXGroup;
			children = (
				C9A024E424F3760300EBAAFE /* AppDelegate.swift */,
				C9A024E624F3760300EBAAFE /* SceneDelegate.swift */,
				C9A024ED24F3760500EBAAFE /* Assets.xcassets */,
				C9A024F224F3760500EBAAFE /* Info.plist */,
			);
			path = Other;
			sourceTree = "<group>";
		};
		C9A024D824F3760300EBAAFE = {
			isa = PBXGroup;
			children = (
				C9A024E324F3760300EBAAFE /* HW2.6 */,
				C9A024E224F3760300EBAAFE /* Products */,
			);
			sourceTree = "<group>";
		};
		C9A024E224F3760300EBAAFE /* Products */ = {
			isa = PBXGroup;
			children = (
				C9A024E124F3760300EBAAFE /* HW2.6.app */,
			);
			name = Products;
			sourceTree = "<group>";
		};
		C9A024E324F3760300EBAAFE /* HW2.6 */ = {
			isa = PBXGroup;
			children = (
				C93D8EBF2505699C00729703 /* Viewcontrollers */,
				C93D8EBE2505698E00729703 /* Storyboards */,
				C93D8EC0250569B200729703 /* Other */,
			);
			path = HW2.6;
			sourceTree = "<group>";
		};
/* End PBXGroup section */

/* Begin PBXNativeTarget section */
		C9A024E024F3760300EBAAFE /* HW2.6 */ = {
			isa = PBXNativeTarget;
			buildConfigurationList = C9A024F524F3760500EBAAFE /* Build configuration list for PBXNativeTarget "HW2.6" */;
			buildPhases = (
				C9A024DD24F3760300EBAAFE /* Sources */,
				C9A024DE24F3760300EBAAFE /* Frameworks */,
				C9A024DF24F3760300EBAAFE /* Resources */,
			);
			buildRules = (
			);
			dependencies = (
			);
			name = HW2.6;
			productName = HW2.2.1;
			productReference = C9A024E124F3760300EBAAFE /* HW2.6.app */;
			productType = "com.apple.product-type.application";
		};
/* End PBXNativeTarget section */

/* Begin PBXProject section */
		C9A024D924F3760300EBAAFE /* Project object */ = {
			isa = PBXProject;
			attributes = {
				LastSwiftUpdateCheck = 1150;
				LastUpgradeCheck = 1150;
				ORGANIZATIONNAME = Zigura;
				TargetAttributes = {
					C9A024E024F3760300EBAAFE = {
						CreatedOnToolsVersion = 11.5;
					};
				};
			};
			buildConfigurationList = C9A024DC24F3760300EBAAFE /* Build configuration list for PBXProject "HW2.6" */;
			compatibilityVersion = "Xcode 9.3";
			developmentRegion = en;
			hasScannedForEncodings = 0;
			knownRegions = (
				en,
				Base,
			);
			mainGroup = C9A024D824F3760300EBAAFE;
			productRefGroup = C9A024E224F3760300EBAAFE /* Products */;
			projectDirPath = "";
			projectRoot = "";
			targets = (
				C9A024E024F3760300EBAAFE /* HW2.6 */,
			);
		};
/* End PBXProject section */

/* Begin PBXResourcesBuildPhase section */
		C9A024DF24F3760300EBAAFE /* Resources */ = {
			isa = PBXResourcesBuildPhase;
			buildActionMask = 2147483647;
			files = (
				C9A024F124F3760500EBAAFE /* LaunchScreen.storyboard in Resources */,
				C9A024EE24F3760500EBAAFE /* Assets.xcassets in Resources */,
				C9A024EC24F3760300EBAAFE /* Main.storyboard in Resources */,
			);
			runOnlyForDeploymentPostprocessing = 0;
		};
/* End PBXResourcesBuildPhase section */

/* Begin PBXSourcesBuildPhase section */
		C9A024DD24F3760300EBAAFE /* Sources */ = {
			isa = PBXSourcesBuildPhase;
			buildActionMask = 2147483647;
			files = (
				C9A024E924F3760300EBAAFE /* SetupViewController.swift in Sources */,
				C9A024E524F3760300EBAAFE /* AppDelegate.swift in Sources */,
				C93D8EC225056D4600729703 /* ColorViewController.swift in Sources */,
				C9A024E724F3760300EBAAFE /* SceneDelegate.swift in Sources */,
			);
			runOnlyForDeploymentPostprocessing = 0;
		};
/* End PBXSourcesBuildPhase section */

/* Begin PBXVariantGroup section */
		C9A024EA24F3760300EBAAFE /* Main.storyboard */ = {
			isa = PBXVariantGroup;
			children = (
				C9A024EB24F3760300EBAAFE /* Base */,
			);
			name = Main.storyboard;
			sourceTree = "<group>";
		};
		C9A024EF24F3760500EBAAFE /* LaunchScreen.storyboard */ = {
			isa = PBXVariantGroup;
			children = (
				C9A024F024F3760500EBAAFE /* Base */,
			);
			name = LaunchScreen.storyboard;
			sourceTree = "<group>";
		};
/* End PBXVariantGroup section */

/* Begin XCBuildConfiguration section */
		C9A024F324F3760500EBAAFE /* Debug */ = {
			isa = XCBuildConfiguration;
			buildSettings = {
				ALWAYS_SEARCH_USER_PATHS = NO;
				CLANG_ANALYZER_NONNULL = YES;
				CLANG_ANALYZER_NUMBER_OBJECT_CONVERSION = YES_AGGRESSIVE;
				CLANG_CXX_LANGUAGE_STANDARD = "gnu++14";
				CLANG_CXX_LIBRARY = "libc++";
				CLANG_ENABLE_MODULES = YES;
				CLANG_ENABLE_OBJC_ARC = YES;
				CLANG_ENABLE_OBJC_WEAK = YES;
				CLANG_WARN_BLOCK_CAPTURE_AUTORELEASING = YES;
				CLANG_WARN_BOOL_CONVERSION = YES;
				CLANG_WARN_COMMA = YES;
				CLANG_WARN_CONSTANT_CONVERSION = YES;
				CLANG_WARN_DEPRECATED_OBJC_IMPLEMENTATIONS = YES;
				CLANG_WARN_DIRECT_OBJC_ISA_USAGE = YES_ERROR;
				CLANG_WARN_DOCUMENTATION_COMMENTS = YES;
				CLANG_WARN_EMPTY_BODY = YES;
				CLANG_WARN_ENUM_CONVERSION = YES;
				CLANG_WARN_INFINITE_RECURSION = YES;
				CLANG_WARN_INT_CONVERSION = YES;
				CLANG_WARN_NON_LITERAL_NULL_CONVERSION = YES;
				CLANG_WARN_OBJC_IMPLICIT_RETAIN_SELF = YES;
				CLANG_WARN_OBJC_LITERAL_CONVERSION = YES;
				CLANG_WARN_OBJC_ROOT_CLASS = YES_ERROR;
				CLANG_WARN_RANGE_LOOP_ANALYSIS = YES;
				CLANG_WARN_STRICT_PROTOTYPES = YES;
				CLANG_WARN_SUSPICIOUS_MOVE = YES;
				CLANG_WARN_UNGUARDED_AVAILABILITY = YES_AGGRESSIVE;
				CLANG_WARN_UNREACHABLE_CODE = YES;
				CLANG_WARN__DUPLICATE_METHOD_MATCH = YES;
				COPY_PHASE_STRIP = NO;
				DEBUG_INFORMATION_FORMAT = dwarf;
				ENABLE_STRICT_OBJC_MSGSEND = YES;
				ENABLE_TESTABILITY = YES;
				GCC_C_LANGUAGE_STANDARD = gnu11;
				GCC_DYNAMIC_NO_PIC = NO;
				GCC_NO_COMMON_BLOCKS = YES;
				GCC_OPTIMIZATION_LEVEL = 0;
				GCC_PREPROCESSOR_DEFINITIONS = (
					"DEBUG=1",
					"$(inherited)",
				);
				GCC_WARN_64_TO_32_BIT_CONVERSION = YES;
				GCC_WARN_ABOUT_RETURN_TYPE = YES_ERROR;
				GCC_WARN_UNDECLARED_SELECTOR = YES;
				GCC_WARN_UNINITIALIZED_AUTOS = YES_AGGRESSIVE;
				GCC_WARN_UNUSED_FUNCTION = YES;
				GCC_WARN_UNUSED_VARIABLE = YES;
				IPHONEOS_DEPLOYMENT_TARGET = 13.5;
				MTL_ENABLE_DEBUG_INFO = INCLUDE_SOURCE;
				MTL_FAST_MATH = YES;
				ONLY_ACTIVE_ARCH = YES;
				SDKROOT = iphoneos;
				SWIFT_ACTIVE_COMPILATION_CONDITIONS = DEBUG;
				SWIFT_OPTIMIZATION_LEVEL = "-Onone";
			};
			name = Debug;
		};
		C9A024F424F3760500EBAAFE /* Release */ = {
			isa = XCBuildConfiguration;
			buildSettings = {
				ALWAYS_SEARCH_USER_PATHS = NO;
				CLANG_ANALYZER_NONNULL = YES;
				CLANG_ANALYZER_NUMBER_OBJECT_CONVERSION = YES_AGGRESSIVE;
				CLANG_CXX_LANGUAGE_STANDARD = "gnu++14";
				CLANG_CXX_LIBRARY = "libc++";
				CLANG_ENABLE_MODULES = YES;
				CLANG_ENABLE_OBJC_ARC = YES;
				CLANG_ENABLE_OBJC_WEAK = YES;
				CLANG_WARN_BLOCK_CAPTURE_AUTORELEASING = YES;
				CLANG_WARN_BOOL_CONVERSION = YES;
				CLANG_WARN_COMMA = YES;
				CLANG_WARN_CONSTANT_CONVERSION = YES;
				CLANG_WARN_DEPRECATED_OBJC_IMPLEMENTATIONS = YES;
				CLANG_WARN_DIRECT_OBJC_ISA_USAGE = YES_ERROR;
				CLANG_WARN_DOCUMENTATION_COMMENTS = YES;
				CLANG_WARN_EMPTY_BODY = YES;
				CLANG_WARN_ENUM_CONVERSION = YES;
				CLANG_WARN_INFINITE_RECURSION = YES;
				CLANG_WARN_INT_CONVERSION = YES;
				CLANG_WARN_NON_LITERAL_NULL_CONVERSION = YES;
				CLANG_WARN_OBJC_IMPLICIT_RETAIN_SELF = YES;
				CLANG_WARN_OBJC_LITERAL_CONVERSION = YES;
				CLANG_WARN_OBJC_ROOT_CLASS = YES_ERROR;
				CLANG_WARN_RANGE_LOOP_ANALYSIS = YES;
				CLANG_WARN_STRICT_PROTOTYPES = YES;
				CLANG_WARN_SUSPICIOUS_MOVE = YES;
				CLANG_WARN_UNGUARDED_AVAILABILITY = YES_AGGRESSIVE;
				CLANG_WARN_UNREACHABLE_CODE = YES;
				CLANG_WARN__DUPLICATE_METHOD_MATCH = YES;
				COPY_PHASE_STRIP = NO;
				DEBUG_INFORMATION_FORMAT = "dwarf-with-dsym";
				ENABLE_NS_ASSERTIONS = NO;
				ENABLE_STRICT_OBJC_MSGSEND = YES;
				GCC_C_LANGUAGE_STANDARD = gnu11;
				GCC_NO_COMMON_BLOCKS = YES;
				GCC_WARN_64_TO_32_BIT_CONVERSION = YES;
				GCC_WARN_ABOUT_RETURN_TYPE = YES_ERROR;
				GCC_WARN_UNDECLARED_SELECTOR = YES;
				GCC_WARN_UNINITIALIZED_AUTOS = YES_AGGRESSIVE;
				GCC_WARN_UNUSED_FUNCTION = YES;
				GCC_WARN_UNUSED_VARIABLE = YES;
				IPHONEOS_DEPLOYMENT_TARGET = 13.5;
				MTL_ENABLE_DEBUG_INFO = NO;
				MTL_FAST_MATH = YES;
				SDKROOT = iphoneos;
				SWIFT_COMPILATION_MODE = wholemodule;
				SWIFT_OPTIMIZATION_LEVEL = "-O";
				VALIDATE_PRODUCT = YES;
			};
			name = Release;
		};
		C9A024F624F3760500EBAAFE /* Debug */ = {
			isa = XCBuildConfiguration;
			buildSettings = {
				ASSETCATALOG_COMPILER_APPICON_NAME = AppIcon;
				CODE_SIGN_STYLE = Automatic;
				DEVELOPMENT_TEAM = UDMF346VA4;
				INFOPLIST_FILE = HW2.6/Other/Info.plist;
				LD_RUNPATH_SEARCH_PATHS = (
					"$(inherited)",
					"@executable_path/Frameworks",
				);
				PRODUCT_BUNDLE_IDENTIFIER = "ru.zigura.HW2-6";
				PRODUCT_NAME = HW2.6;
				SWIFT_VERSION = 5.0;
				TARGETED_DEVICE_FAMILY = 1;
			};
			name = Debug;
		};
		C9A024F724F3760500EBAAFE /* Release */ = {
			isa = XCBuildConfiguration;
			buildSettings = {
				ASSETCATALOG_COMPILER_APPICON_NAME = AppIcon;
				CODE_SIGN_STYLE = Automatic;
				DEVELOPMENT_TEAM = UDMF346VA4;
				INFOPLIST_FILE = HW2.6/Other/Info.plist;
				LD_RUNPATH_SEARCH_PATHS = (
					"$(inherited)",
					"@executable_path/Frameworks",
				);
				PRODUCT_BUNDLE_IDENTIFIER = "ru.zigura.HW2-6";
				PRODUCT_NAME = HW2.6;
				SWIFT_VERSION = 5.0;
				TARGETED_DEVICE_FAMILY = 1;
			};
			name = Release;
		};
/* End XCBuildConfiguration section */

/* Begin XCConfigurationList section */
		C9A024DC24F3760300EBAAFE /* Build configuration list for PBXProject "HW2.6" */ = {
			isa = XCConfigurationList;
			buildConfigurations = (
				C9A024F324F3760500EBAAFE /* Debug */,
				C9A024F424F3760500EBAAFE /* Release */,
			);
			defaultConfigurationIsVisible = 0;
			defaultConfigurationName = Release;
		};
		C9A024F524F3760500EBAAFE /* Build configuration list for PBXNativeTarget "HW2.6" */ = {
			isa = XCConfigurationList;
			buildConfigurations = (
				C9A024F624F3760500EBAAFE /* Debug */,
				C9A024F724F3760500EBAAFE /* Release */,
			);
			defaultConfigurationIsVisible = 0;
			defaultConfigurationName = Release;
		};
/* End XCConfigurationList section */
	};
	rootObject = C9A024D924F3760300EBAAFE /* Project object */;
}
